
Microsoft Visual Studio Solution File, Format Version 12.00
# Visual Studio Version 16
VisualStudioVersion = 16.0.36422.26
MinimumVisualStudioVersion = 10.0.40219.1
Project("{FAE04EC0-301F-11D3-BF4B-00C04F79EFBC}") = "20260210_beakjoon_2317", "20260210_beakjoon_2317\20260210_beakjoon_2317.csproj", "{60C9D366-D8B7-4A54-B64F-457484073C9D}"
EndProject
Global
	GlobalSection(SolutionConfigurationPlatforms) = preSolution
		Debug|Any CPU = Debug|Any CPU
		Release|Any CPU = Release|Any CPU
	EndGlobalSection
	GlobalSection(ProjectConfigurationPlatforms) = postSolution
		{60C9D366-D8B7-4A54-B64F-457484073C9D}.Debug|Any CPU.ActiveCfg = Debug|Any CPU
		{60C9D366-D8B7-4A54-B64F-457484073C9D}.Debug|Any CPU.Build.0 = Debug|Any CPU
		{60C9D366-D8B7-4A54-B64F-457484073C9D}.Release|Any CPU.ActiveCfg = Release|Any CPU
		{60C9D366-D8B7-4A54-B64F-457484073C9D}.Release|Any CPU.Build.0 = Release|Any CPU
	EndGlobalSection
	GlobalSection(SolutionProperties) = preSolution
		HideSolutionNode = FALSE
	EndGlobalSection
	GlobalSection(ExtensibilityGlobals) = postSolution
		SolutionGuid = {9BB88570-CF9F-49F8-9157-F2F9B5A0436B}
	EndGlobalSection
EndGlobal
