
Microsoft Visual Studio Solution File, Format Version 12.00
# Visual Studio Version 16
VisualStudioVersion = 16.0.36422.26
MinimumVisualStudioVersion = 10.0.40219.1
Project("{FAE04EC0-301F-11D3-BF4B-00C04F79EFBC}") = "20260319_programmers_92335", "20260319_programmers_92335\20260319_programmers_92335.csproj", "{27405CE7-96DE-4886-B493-558388A29AFA}"
EndProject
Global
	GlobalSection(SolutionConfigurationPlatforms) = preSolution
		Debug|Any CPU = Debug|Any CPU
		Release|Any CPU = Release|Any CPU
	EndGlobalSection
	GlobalSection(ProjectConfigurationPlatforms) = postSolution
		{27405CE7-96DE-4886-B493-558388A29AFA}.Debug|Any CPU.ActiveCfg = Debug|Any CPU
		{27405CE7-96DE-4886-B493-558388A29AFA}.Debug|Any CPU.Build.0 = Debug|Any CPU
		{27405CE7-96DE-4886-B493-558388A29AFA}.Release|Any CPU.ActiveCfg = Release|Any CPU
		{27405CE7-96DE-4886-B493-558388A29AFA}.Release|Any CPU.Build.0 = Release|Any CPU
	EndGlobalSection
	GlobalSection(SolutionProperties) = preSolution
		HideSolutionNode = FALSE
	EndGlobalSection
	GlobalSection(ExtensibilityGlobals) = postSolution
		SolutionGuid = {B7AF0F1F-6CEF-4E69-B2CF-9C979C008D91}
	EndGlobalSection
EndGlobal
