
Microsoft Visual Studio Solution File, Format Version 12.00
# Visual Studio Version 16
VisualStudioVersion = 16.0.36631.11
MinimumVisualStudioVersion = 10.0.40219.1
Project("{FAE04EC0-301F-11D3-BF4B-00C04F79EFBC}") = "DP_Algorithm", "DP_Algorithm\DP_Algorithm.csproj", "{D8DEDE74-1568-416C-A496-C77411F14987}"
EndProject
Global
	GlobalSection(SolutionConfigurationPlatforms) = preSolution
		Debug|Any CPU = Debug|Any CPU
		Release|Any CPU = Release|Any CPU
	EndGlobalSection
	GlobalSection(ProjectConfigurationPlatforms) = postSolution
		{D8DEDE74-1568-416C-A496-C77411F14987}.Debug|Any CPU.ActiveCfg = Debug|Any CPU
		{D8DEDE74-1568-416C-A496-C77411F14987}.Debug|Any CPU.Build.0 = Debug|Any CPU
		{D8DEDE74-1568-416C-A496-C77411F14987}.Release|Any CPU.ActiveCfg = Release|Any CPU
		{D8DEDE74-1568-416C-A496-C77411F14987}.Release|Any CPU.Build.0 = Release|Any CPU
	EndGlobalSection
	GlobalSection(SolutionProperties) = preSolution
		HideSolutionNode = FALSE
	EndGlobalSection
	GlobalSection(ExtensibilityGlobals) = postSolution
		SolutionGuid = {ED38EFE2-2ABC-4C13-BEFA-D70CD7A54E0E}
	EndGlobalSection
EndGlobal
