
Microsoft Visual Studio Solution File, Format Version 12.00
# Visual Studio Version 16
VisualStudioVersion = 16.0.36422.26
MinimumVisualStudioVersion = 10.0.40219.1
Project("{FAE04EC0-301F-11D3-BF4B-00C04F79EFBC}") = "20260326_programmers_118666", "20260326_programmers_118666\20260326_programmers_118666.csproj", "{93B918BD-5197-4535-9C5B-5FE34E4AE41A}"
EndProject
Global
	GlobalSection(SolutionConfigurationPlatforms) = preSolution
		Debug|Any CPU = Debug|Any CPU
		Release|Any CPU = Release|Any CPU
	EndGlobalSection
	GlobalSection(ProjectConfigurationPlatforms) = postSolution
		{93B918BD-5197-4535-9C5B-5FE34E4AE41A}.Debug|Any CPU.ActiveCfg = Debug|Any CPU
		{93B918BD-5197-4535-9C5B-5FE34E4AE41A}.Debug|Any CPU.Build.0 = Debug|Any CPU
		{93B918BD-5197-4535-9C5B-5FE34E4AE41A}.Release|Any CPU.ActiveCfg = Release|Any CPU
		{93B918BD-5197-4535-9C5B-5FE34E4AE41A}.Release|Any CPU.Build.0 = Release|Any CPU
	EndGlobalSection
	GlobalSection(SolutionProperties) = preSolution
		HideSolutionNode = FALSE
	EndGlobalSection
	GlobalSection(ExtensibilityGlobals) = postSolution
		SolutionGuid = {8DDADC84-12C4-4072-938E-E7E4CF18DDEF}
	EndGlobalSection
EndGlobal
