
Microsoft Visual Studio Solution File, Format Version 12.00
# Visual Studio Version 16
VisualStudioVersion = 16.0.36422.26
MinimumVisualStudioVersion = 10.0.40219.1
Project("{FAE04EC0-301F-11D3-BF4B-00C04F79EFBC}") = "20260220_beakjoon_34892", "20260220_beakjoon_34892\20260220_beakjoon_34892.csproj", "{48311053-D1B0-4B84-9621-90FB7F712B81}"
EndProject
Global
	GlobalSection(SolutionConfigurationPlatforms) = preSolution
		Debug|Any CPU = Debug|Any CPU
		Release|Any CPU = Release|Any CPU
	EndGlobalSection
	GlobalSection(ProjectConfigurationPlatforms) = postSolution
		{48311053-D1B0-4B84-9621-90FB7F712B81}.Debug|Any CPU.ActiveCfg = Debug|Any CPU
		{48311053-D1B0-4B84-9621-90FB7F712B81}.Debug|Any CPU.Build.0 = Debug|Any CPU
		{48311053-D1B0-4B84-9621-90FB7F712B81}.Release|Any CPU.ActiveCfg = Release|Any CPU
		{48311053-D1B0-4B84-9621-90FB7F712B81}.Release|Any CPU.Build.0 = Release|Any CPU
	EndGlobalSection
	GlobalSection(SolutionProperties) = preSolution
		HideSolutionNode = FALSE
	EndGlobalSection
	GlobalSection(ExtensibilityGlobals) = postSolution
		SolutionGuid = {0A0AD294-B438-406E-8253-AAA885A191D8}
	EndGlobalSection
EndGlobal
